PODS:
  - FBSnapshotTestCase (2.1.4):
    - FBSnapshotTestCase/SwiftSupport (= 2.1.4)
  - FBSnapshotTestCase/Core (2.1.4)
  - FBSnapshotTestCase/SwiftSupport (2.1.4):
    - FBSnapshotTestCase/Core
  - SRFloatView (0.1.0)

DEPENDENCIES:
  - FBSnapshotTestCase
  - SRFloatView (from `../`)

SPEC REPOS:
  trunk:
    - FBSnapshotTestCase

EXTERNAL SOURCES:
  SRFloatView:
    :path: "../"

SPEC CHECKSUMS:
  FBSnapshotTestCase: 094f9f314decbabe373b87cc339bea235a63e07a
  SRFloatView: cfd5689604f7d74b64920755485b2a2d55f958d2

PODFILE CHECKSUM: b87f3cc672671a6b22007a095391546c97ffea8a

COCOAPODS: 1.10.1
